# THIS IS AN AUTOGENERATED FILE. DO NOT EDIT THIS FILE DIRECTLY.
# yarn lockfile v1


"@types/gl-matrix@^2.4.0":
  version "2.4.0"
  resolved "http://registry.npm.taobao.org/@types/gl-matrix/download/@types/gl-matrix-2.4.0.tgz#a27affbaf3a849894817f648bf68ac710dedf4a3"

gl-matrix@^2.4.0:
  version "2.4.0"
  resolved "http://registry.npm.taobao.org/gl-matrix/download/gl-matrix-2.4.0.tgz#2089b13301a29eec822d9d99dffc1f78ee9a3c50"

typescript@^2.6.2:
  version "2.6.2"
  resolved "http://registry.npm.taobao.org/typescript/download/typescript-2.6.2.tgz#3c5b6fd7f6de0914269027f03c0946758f7673a4"
